{
  "originHash" : "61490642cbbb5586b7927342faf1354995060350ebeb7bede00f8e69229066a3",
  "pins" : [
    {
      "identity" : "objectrecognitionkit",
      "kind" : "remoteSourceControl",
      "location" : "https://github.com/Feversun/ObjectRecognitionKit",
      "state" : {
        "branch" : "main",
        "revision" : "1acdaa2a8b34909765ba2176bdf6d0dc7927db18"
      }
    },
    {
      "identity" : "photoeffectskit",
      "kind" : "remoteSourceControl",
      "location" : "https://github.com/Feversun/PhotoEffectsKit",
      "state" : {
        "branch" : "main",
        "revision" : "e89e52f923282089bb68c5fc3b5cde78d3c5e0f7"
      }
    }
  ],
  "version" : 3
}
